// !$*UTF8*$!
{
	archiveVersion = 1;
	classes = {
	};
	objectVersion = 56;
	objects = {

/* Begin PBXBuildFile section */
		254C092C28E7E87C00E2D354 /* AppDelegate.swift in Sources */ = {isa = PBXBuildFile; fileRef = 254C092B28E7E87C00E2D354 /* AppDelegate.swift */; };
		254C092E28E7E87C00E2D354 /* SceneDelegate.swift in Sources */ = {isa = PBXBuildFile; fileRef = 254C092D28E7E87C00E2D354 /* SceneDelegate.swift */; };
		254C093028E7E87C00E2D354 /* ViewController.swift in Sources */ = {isa = PBXBuildFile; fileRef = 254C092F28E7E87C00E2D354 /* ViewController.swift */; };
		254C093328E7E87C00E2D354 /* Main.storyboard in Resources */ = {isa = PBXBuildFile; fileRef = 254C093128E7E87C00E2D354 /* Main.storyboard */; };
		254C093528E7E87D00E2D354 /* Assets.xcassets in Resources */ = {isa = PBXBuildFile; fileRef = 254C093428E7E87D00E2D354 /* Assets.xcassets */; };
		254C093828E7E87D00E2D354 /* LaunchScreen.storyboard in Resources */ = {isa = PBXBuildFile; fileRef = 254C093628E7E87D00E2D354 /* LaunchScreen.storyboard */; };
		254C094328E7E90800E2D354 /* Setting.swift in Sources */ = {isa = PBXBuildFile; fileRef = 254C094228E7E90800E2D354 /* Setting.swift */; };
		254C094728E7EBC100E2D354 /* MainTableViewCell.swift in Sources */ = {isa = PBXBuildFile; fileRef = 254C094528E7EBC100E2D354 /* MainTableViewCell.swift */; };
		254C094828E7EBC100E2D354 /* MainTableViewCell.xib in Resources */ = {isa = PBXBuildFile; fileRef = 254C094628E7EBC100E2D354 /* MainTableViewCell.xib */; };
/* End PBXBuildFile section */

/* Begin PBXFileReference section */
		254C092828E7E87C00E2D354 /* TableView Example.app */ = {isa = PBXFileReference; explicitFileType = wrapper.application; includeInIndex = 0; path = "TableView Example.app"; sourceTree = BUILT_PRODUCTS_DIR; };
		254C092B28E7E87C00E2D354 /* AppDelegate.swift */ = {isa = PBXFileReference; lastKnownFileType = sourcecode.swift; path = AppDelegate.swift; sourceTree = "<group>"; };
		254C092D28E7E87C00E2D354 /* SceneDelegate.swift */ = {isa = PBXFileReference; lastKnownFileType = sourcecode.swift; path = SceneDelegate.swift; sourceTree = "<group>"; };
		254C092F28E7E87C00E2D354 /* ViewController.swift */ = {isa = PBXFileReference; lastKnownFileType = sourcecode.swift; path = ViewController.swift; sourceTree = "<group>"; };
		254C093228E7E87C00E2D354 /* Base */ = {isa = PBXFileReference; lastKnownFileType = file.storyboard; name = Base; path = Base.lproj/Main.storyboard; sourceTree = "<group>"; };
		254C093428E7E87D00E2D354 /* Assets.xcassets */ = {isa = PBXFileReference; lastKnownFileType = folder.assetcatalog; path = Assets.xcassets; sourceTree = "<group>"; };
		254C093728E7E87D00E2D354 /* Base */ = {isa = PBXFileReference; lastKnownFileType = file.storyboard; name = Base; path = Base.lproj/LaunchScreen.storyboard; sourceTree = "<group>"; };
		254C093928E7E87D00E2D354 /* Info.plist */ = {isa = PBXFileReference; lastKnownFileType = text.plist.xml; path = Info.plist; sourceTree = "<group>"; };
		254C094228E7E90800E2D354 /* Setting.swift */ = {isa = PBXFileReference; lastKnownFileType = sourcecode.swift; path = Setting.swift; sourceTree = "<group>"; };
		254C094528E7EBC100E2D354 /* MainTableViewCell.swift */ = {isa = PBXFileReference; lastKnownFileType = sourcecode.swift; path = MainTableViewCell.swift; sourceTree = "<group>"; };
		254C094628E7EBC100E2D354 /* MainTableViewCell.xib */ = {isa = PBXFileReference; lastKnownFileType = file.xib; path = MainTableViewCell.xib; sourceTree = "<group>"; };
/* End PBXFileReference section */

/* Begin PBXFrameworksBuildPhase section */
		254C092528E7E87C00E2D354 /* Frameworks */ = {
			isa = PBXFrameworksBuildPhase;
			buildActionMask = 2147483647;
			files = (
			);
			runOnlyForDeploymentPostprocessing = 0;
		};
/* End PBXFrameworksBuildPhase section */

/* Begin PBXGroup section */
		254C091F28E7E87C00E2D354 = {
			isa = PBXGroup;
			children = (
				254C092A28E7E87C00E2D354 /* TableView Example */,
				254C092928E7E87C00E2D354 /* Products */,
			);
			sourceTree = "<group>";
		};
		254C092928E7E87C00E2D354 /* Products */ = {
			isa = PBXGroup;
			children = (
				254C092828E7E87C00E2D354 /* TableView Example.app */,
			);
			name = Products;
			sourceTree = "<group>";
		};
		254C092A28E7E87C00E2D354 /* TableView Example */ = {
			isa = PBXGroup;
			children = (
				254C093F28E7E89F00E2D354 /* App */,
				254C094128E7E8B900E2D354 /* Model */,
				254C094028E7E8AD00E2D354 /* View */,
				254C093428E7E87D00E2D354 /* Assets.xcassets */,
				254C093628E7E87D00E2D354 /* LaunchScreen.storyboard */,
				254C093928E7E87D00E2D354 /* Info.plist */,
			);
			path = "TableView Example";
			sourceTree = "<group>";
		};
		254C093F28E7E89F00E2D354 /* App */ = {
			isa = PBXGroup;
			children = (
				254C092B28E7E87C00E2D354 /* AppDelegate.swift */,
				254C092D28E7E87C00E2D354 /* SceneDelegate.swift */,
			);
			path = App;
			sourceTree = "<group>";
		};
		254C094028E7E8AD00E2D354 /* View */ = {
			isa = PBXGroup;
			children = (
				254C094428E7EB9E00E2D354 /* main */,
				254C093128E7E87C00E2D354 /* Main.storyboard */,
			);
			path = View;
			sourceTree = "<group>";
		};
		254C094128E7E8B900E2D354 /* Model */ = {
			isa = PBXGroup;
			children = (
				254C094228E7E90800E2D354 /* Setting.swift */,
			);
			path = Model;
			sourceTree = "<group>";
		};
		254C094428E7EB9E00E2D354 /* main */ = {
			isa = PBXGroup;
			children = (
				254C092F28E7E87C00E2D354 /* ViewController.swift */,
				254C094928E7EBDE00E2D354 /* cell */,
			);
			path = main;
			sourceTree = "<group>";
		};
		254C094928E7EBDE00E2D354 /* cell */ = {
			isa = PBXGroup;
			children = (
				254C094528E7EBC100E2D354 /* MainTableViewCell.swift */,
				254C094628E7EBC100E2D354 /* MainTableViewCell.xib */,
			);
			path = cell;
			sourceTree = "<group>";
		};
/* End PBXGroup section */

/* Begin PBXNativeTarget section */
		254C092728E7E87C00E2D354 /* TableView Example */ = {
			isa = PBXNativeTarget;
			buildConfigurationList = 254C093C28E7E87D00E2D354 /* Build configuration list for PBXNativeTarget "TableView Example" */;
			buildPhases = (
				254C092428E7E87C00E2D354 /* Sources */,
				254C092528E7E87C00E2D354 /* Frameworks */,
				254C092628E7E87C00E2D354 /* Resources */,
			);
			buildRules = (
			);
			dependencies = (
			);
			name = "TableView Example";
			productName = "TableView Example";
			productReference = 254C092828E7E87C00E2D354 /* TableView Example.app */;
			productType = "com.apple.product-type.application";
		};
/* End PBXNativeTarget section */

/* Begin PBXProject section */
		254C092028E7E87C00E2D354 /* Project object */ = {
			isa = PBXProject;
			attributes = {
				BuildIndependentTargetsInParallel = 1;
				LastSwiftUpdateCheck = 1400;
				LastUpgradeCheck = 1400;
				TargetAttributes = {
					254C092728E7E87C00E2D354 = {
						CreatedOnToolsVersion = 14.0;
					};
				};
			};
			buildConfigurationList = 254C092328E7E87C00E2D354 /* Build configuration list for PBXProject "TableView Example" */;
			compatibilityVersion = "Xcode 14.0";
			developmentRegion = en;
			hasScannedForEncodings = 0;
			knownRegions = (
				en,
				Base,
			);
			mainGroup = 254C091F28E7E87C00E2D354;
			productRefGroup = 254C092928E7E87C00E2D354 /* Products */;
			projectDirPath = "";
			projectRoot = "";
			targets = (
				254C092728E7E87C00E2D354 /* TableView Example */,
			);
		};
/* End PBXProject section */

/* Begin PBXResourcesBuildPhase section */
		254C092628E7E87C00E2D354 /* Resources */ = {
			isa = PBXResourcesBuildPhase;
			buildActionMask = 2147483647;
			files = (
				254C093828E7E87D00E2D354 /* LaunchScreen.storyboard in Resources */,
				254C093528E7E87D00E2D354 /* Assets.xcassets in Resources */,
				254C094828E7EBC100E2D354 /* MainTableViewCell.xib in Resources */,
				254C093328E7E87C00E2D354 /* Main.storyboard in Resources */,
			);
			runOnlyForDeploymentPostprocessing = 0;
		};
/* End PBXResourcesBuildPhase section */

/* Begin PBXSourcesBuildPhase section */
		254C092428E7E87C00E2D354 /* Sources */ = {
			isa = PBXSourcesBuildPhase;
			buildActionMask = 2147483647;
			files = (
				254C093028E7E87C00E2D354 /* ViewController.swift in Sources */,
				254C092C28E7E87C00E2D354 /* AppDelegate.swift in Sources */,
				254C094328E7E90800E2D354 /* Setting.swift in Sources */,
				254C092E28E7E87C00E2D354 /* SceneDelegate.swift in Sources */,
				254C094728E7EBC100E2D354 /* MainTableViewCell.swift in Sources */,
			);
			runOnlyForDeploymentPostprocessing = 0;
		};
/* End PBXSourcesBuildPhase section */

/* Begin PBXVariantGroup section */
		254C093128E7E87C00E2D354 /* Main.storyboard */ = {
			isa = PBXVariantGroup;
			children = (
				254C093228E7E87C00E2D354 /* Base */,
			);
			name = Main.storyboard;
			sourceTree = "<group>";
		};
		254C093628E7E87D00E2D354 /* LaunchScreen.storyboard */ = {
			isa = PBXVariantGroup;
			children = (
				254C093728E7E87D00E2D354 /* Base */,
			);
			name = LaunchScreen.storyboard;
			sourceTree = "<group>";
		};
/* End PBXVariantGroup section */

/* Begin XCBuildConfiguration section */
		254C093A28E7E87D00E2D354 /* Debug */ = {
			isa = XCBuildConfiguration;
			buildSettings = {
				ALWAYS_SEARCH_USER_PATHS = NO;
				CLANG_ANALYZER_NONNULL = YES;
				CLANG_ANALYZER_NUMBER_OBJECT_CONVERSION = YES_AGGRESSIVE;
				CLANG_CXX_LANGUAGE_STANDARD = "gnu++20";
				CLANG_ENABLE_MODULES = YES;
				CLANG_ENABLE_OBJC_ARC = YES;
				CLANG_ENABLE_OBJC_WEAK = YES;
				CLANG_WARN_BLOCK_CAPTURE_AUTORELEASING = YES;
				CLANG_WARN_BOOL_CONVERSION = YES;
				CLANG_WARN_COMMA = YES;
				CLANG_WARN_CONSTANT_CONVERSION = YES;
				CLANG_WARN_DEPRECATED_OBJC_IMPLEMENTATIONS = YES;
				CLANG_WARN_DIRECT_OBJC_ISA_USAGE = YES_ERROR;
				CLANG_WARN_DOCUMENTATION_COMMENTS = YES;
				CLANG_WARN_EMPTY_BODY = YES;
				CLANG_WARN_ENUM_CONVERSION = YES;
				CLANG_WARN_INFINITE_RECURSION = YES;
				CLANG_WARN_INT_CONVERSION = YES;
				CLANG_WARN_NON_LITERAL_NULL_CONVERSION = YES;
				CLANG_WARN_OBJC_IMPLICIT_RETAIN_SELF = YES;
				CLANG_WARN_OBJC_LITERAL_CONVERSION = YES;
				CLANG_WARN_OBJC_ROOT_CLASS = YES_ERROR;
				CLANG_WARN_QUOTED_INCLUDE_IN_FRAMEWORK_HEADER = YES;
				CLANG_WARN_RANGE_LOOP_ANALYSIS = YES;
				CLANG_WARN_STRICT_PROTOTYPES = YES;
				CLANG_WARN_SUSPICIOUS_MOVE = YES;
				CLANG_WARN_UNGUARDED_AVAILABILITY = YES_AGGRESSIVE;
				CLANG_WARN_UNREACHABLE_CODE = YES;
				CLANG_WARN__DUPLICATE_METHOD_MATCH = YES;
				COPY_PHASE_STRIP = NO;
				DEBUG_INFORMATION_FORMAT = dwarf;
				ENABLE_STRICT_OBJC_MSGSEND = YES;
				ENABLE_TESTABILITY = YES;
				GCC_C_LANGUAGE_STANDARD = gnu11;
				GCC_DYNAMIC_NO_PIC = NO;
				GCC_NO_COMMON_BLOCKS = YES;
				GCC_OPTIMIZATION_LEVEL = 0;
				GCC_PREPROCESSOR_DEFINITIONS = (
					"DEBUG=1",
					"$(inherited)",
				);
				GCC_WARN_64_TO_32_BIT_CONVERSION = YES;
				GCC_WARN_ABOUT_RETURN_TYPE = YES_ERROR;
				GCC_WARN_UNDECLARED_SELECTOR = YES;
				GCC_WARN_UNINITIALIZED_AUTOS = YES_AGGRESSIVE;
				GCC_WARN_UNUSED_FUNCTION = YES;
				GCC_WARN_UNUSED_VARIABLE = YES;
				IPHONEOS_DEPLOYMENT_TARGET = 16.0;
				MTL_ENABLE_DEBUG_INFO = INCLUDE_SOURCE;
				MTL_FAST_MATH = YES;
				ONLY_ACTIVE_ARCH = YES;
				SDKROOT = iphoneos;
				SWIFT_ACTIVE_COMPILATION_CONDITIONS = DEBUG;
				SWIFT_OPTIMIZATION_LEVEL = "-Onone";
			};
			name = Debug;
		};
		254C093B28E7E87D00E2D354 /* Release */ = {
			isa = XCBuildConfiguration;
			buildSettings = {
				ALWAYS_SEARCH_USER_PATHS = NO;
				CLANG_ANALYZER_NONNULL = YES;
				CLANG_ANALYZER_NUMBER_OBJECT_CONVERSION = YES_AGGRESSIVE;
				CLANG_CXX_LANGUAGE_STANDARD = "gnu++20";
				CLANG_ENABLE_MODULES = YES;
				CLANG_ENABLE_OBJC_ARC = YES;
				CLANG_ENABLE_OBJC_WEAK = YES;
				CLANG_WARN_BLOCK_CAPTURE_AUTORELEASING = YES;
				CLANG_WARN_BOOL_CONVERSION = YES;
				CLANG_WARN_COMMA = YES;
				CLANG_WARN_CONSTANT_CONVERSION = YES;
				CLANG_WARN_DEPRECATED_OBJC_IMPLEMENTATIONS = YES;
				CLANG_WARN_DIRECT_OBJC_ISA_USAGE = YES_ERROR;
				CLANG_WARN_DOCUMENTATION_COMMENTS = YES;
				CLANG_WARN_EMPTY_BODY = YES;
				CLANG_WARN_ENUM_CONVERSION = YES;
				CLANG_WARN_INFINITE_RECURSION = YES;
				CLANG_WARN_INT_CONVERSION = YES;
				CLANG_WARN_NON_LITERAL_NULL_CONVERSION = YES;
				CLANG_WARN_OBJC_IMPLICIT_RETAIN_SELF = YES;
				CLANG_WARN_OBJC_LITERAL_CONVERSION = YES;
				CLANG_WARN_OBJC_ROOT_CLASS = YES_ERROR;
				CLANG_WARN_QUOTED_INCLUDE_IN_FRAMEWORK_HEADER = YES;
				CLANG_WARN_RANGE_LOOP_ANALYSIS = YES;
				CLANG_WARN_STRICT_PROTOTYPES = YES;
				CLANG_WARN_SUSPICIOUS_MOVE = YES;
				CLANG_WARN_UNGUARDED_AVAILABILITY = YES_AGGRESSIVE;
				CLANG_WARN_UNREACHABLE_CODE = YES;
				CLANG_WARN__DUPLICATE_METHOD_MATCH = YES;
				COPY_PHASE_STRIP = NO;
				DEBUG_INFORMATION_FORMAT = "dwarf-with-dsym";
				ENABLE_NS_ASSERTIONS = NO;
				ENABLE_STRICT_OBJC_MSGSEND = YES;
				GCC_C_LANGUAGE_STANDARD = gnu11;
				GCC_NO_COMMON_BLOCKS = YES;
				GCC_WARN_64_TO_32_BIT_CONVERSION = YES;
				GCC_WARN_ABOUT_RETURN_TYPE = YES_ERROR;
				GCC_WARN_UNDECLARED_SELECTOR = YES;
				GCC_WARN_UNINITIALIZED_AUTOS = YES_AGGRESSIVE;
				GCC_WARN_UNUSED_FUNCTION = YES;
				GCC_WARN_UNUSED_VARIABLE = YES;
				IPHONEOS_DEPLOYMENT_TARGET = 16.0;
				MTL_ENABLE_DEBUG_INFO = NO;
				MTL_FAST_MATH = YES;
				SDKROOT = iphoneos;
				SWIFT_COMPILATION_MODE = wholemodule;
				SWIFT_OPTIMIZATION_LEVEL = "-O";
				VALIDATE_PRODUCT = YES;
			};
			name = Release;
		};
		254C093D28E7E87D00E2D354 /* Debug */ = {
			isa = XCBuildConfiguration;
			buildSettings = {
				ASSETCATALOG_COMPILER_APPICON_NAME = AppIcon;
				ASSETCATALOG_COMPILER_GLOBAL_ACCENT_COLOR_NAME = AccentColor;
				CODE_SIGN_STYLE = Automatic;
				CURRENT_PROJECT_VERSION = 1;
				DEVELOPMENT_TEAM = 5WAUHBZJ8Z;
				GENERATE_INFOPLIST_FILE = YES;
				INFOPLIST_FILE = "TableView Example/Info.plist";
				INFOPLIST_KEY_UIApplicationSupportsIndirectInputEvents = YES;
				INFOPLIST_KEY_UILaunchStoryboardName = LaunchScreen;
				INFOPLIST_KEY_UIMainStoryboardFile = Main;
				INFOPLIST_KEY_UISupportedInterfaceOrientations_iPad = "UIInterfaceOrientationPortrait UIInterfaceOrientationPortraitUpsideDown UIInterfaceOrientationLandscapeLeft UIInterfaceOrientationLandscapeRight";
				INFOPLIST_KEY_UISupportedInterfaceOrientations_iPhone = "UIInterfaceOrientationPortrait UIInterfaceOrientationLandscapeLeft UIInterfaceOrientationLandscapeRight";
				LD_RUNPATH_SEARCH_PATHS = (
					"$(inherited)",
					"@executable_path/Frameworks",
				);
				MARKETING_VERSION = 1.0;
				PRODUCT_BUNDLE_IDENTIFIER = "uno.TableView-Example";
				PRODUCT_NAME = "$(TARGET_NAME)";
				SWIFT_EMIT_LOC_STRINGS = YES;
				SWIFT_VERSION = 5.0;
				TARGETED_DEVICE_FAMILY = "1,2";
			};
			name = Debug;
		};
		254C093E28E7E87D00E2D354 /* Release */ = {
			isa = XCBuildConfiguration;
			buildSettings = {
				ASSETCATALOG_COMPILER_APPICON_NAME = AppIcon;
				ASSETCATALOG_COMPILER_GLOBAL_ACCENT_COLOR_NAME = AccentColor;
				CODE_SIGN_STYLE = Automatic;
				CURRENT_PROJECT_VERSION = 1;
				DEVELOPMENT_TEAM = 5WAUHBZJ8Z;
				GENERATE_INFOPLIST_FILE = YES;
				INFOPLIST_FILE = "TableView Example/Info.plist";
				INFOPLIST_KEY_UIApplicationSupportsIndirectInputEvents = YES;
				INFOPLIST_KEY_UILaunchStoryboardName = LaunchScreen;
				INFOPLIST_KEY_UIMainStoryboardFile = Main;
				INFOPLIST_KEY_UISupportedInterfaceOrientations_iPad = "UIInterfaceOrientationPortrait UIInterfaceOrientationPortraitUpsideDown UIInterfaceOrientationLandscapeLeft UIInterfaceOrientationLandscapeRight";
				INFOPLIST_KEY_UISupportedInterfaceOrientations_iPhone = "UIInterfaceOrientationPortrait UIInterfaceOrientationLandscapeLeft UIInterfaceOrientationLandscapeRight";
				LD_RUNPATH_SEARCH_PATHS = (
					"$(inherited)",
					"@executable_path/Frameworks",
				);
				MARKETING_VERSION = 1.0;
				PRODUCT_BUNDLE_IDENTIFIER = "uno.TableView-Example";
				PRODUCT_NAME = "$(TARGET_NAME)";
				SWIFT_EMIT_LOC_STRINGS = YES;
				SWIFT_VERSION = 5.0;
				TARGETED_DEVICE_FAMILY = "1,2";
			};
			name = Release;
		};
/* End XCBuildConfiguration section */

/* Begin XCConfigurationList section */
		254C092328E7E87C00E2D354 /* Build configuration list for PBXProject "TableView Example" */ = {
			isa = XCConfigurationList;
			buildConfigurations = (
				254C093A28E7E87D00E2D354 /* Debug */,
				254C093B28E7E87D00E2D354 /* Release */,
			);
			defaultConfigurationIsVisible = 0;
			defaultConfigurationName = Release;
		};
		254C093C28E7E87D00E2D354 /* Build configuration list for PBXNativeTarget "TableView Example" */ = {
			isa = XCConfigurationList;
			buildConfigurations = (
				254C093D28E7E87D00E2D354 /* Debug */,
				254C093E28E7E87D00E2D354 /* Release */,
			);
			defaultConfigurationIsVisible = 0;
			defaultConfigurationName = Release;
		};
/* End XCConfigurationList section */
	};
	rootObject = 254C092028E7E87C00E2D354 /* Project object */;
}
